
Microsoft Visual Studio Solution File, Format Version 12.00
# Visual Studio Version 17
VisualStudioVersion = 17.7.34018.315
MinimumVisualStudioVersion = 10.0.40219.1
Project("{9A19103F-16F7-4668-BE54-9A1E7A4F7556}") = "cmsCS", "cmsCS.csproj", "{0C8888CE-A5E1-43D3-A0FC-F25ECC49E73F}"
EndProject
Global
	GlobalSection(SolutionConfigurationPlatforms) = preSolution
		Debug|Any CPU = Debug|Any CPU
		Release|Any CPU = Release|Any CPU
	EndGlobalSection
	GlobalSection(ProjectConfigurationPlatforms) = postSolution
		{0C8888CE-A5E1-43D3-A0FC-F25ECC49E73F}.Debug|Any CPU.ActiveCfg = Debug|Any CPU
		{0C8888CE-A5E1-43D3-A0FC-F25ECC49E73F}.Debug|Any CPU.Build.0 = Debug|Any CPU
		{0C8888CE-A5E1-43D3-A0FC-F25ECC49E73F}.Release|Any CPU.ActiveCfg = Release|Any CPU
		{0C8888CE-A5E1-43D3-A0FC-F25ECC49E73F}.Release|Any CPU.Build.0 = Release|Any CPU
	EndGlobalSection
	GlobalSection(SolutionProperties) = preSolution
		HideSolutionNode = FALSE
	EndGlobalSection
	GlobalSection(ExtensibilityGlobals) = postSolution
		SolutionGuid = {A3E1672E-D910-421B-9310-B4EB24FF73A1}
	EndGlobalSection
EndGlobal
